# THIS IS AN AUTOGENERATED FILE. DO NOT EDIT THIS FILE DIRECTLY.
# yarn lockfile v1


img-to-blob@^1.0.0:
  version "1.0.0"
  resolved "https://registry.yarnpkg.com/img-to-blob/-/img-to-blob-1.0.0.tgz#2e79a2ab6b8b4b9b7549bc6962bb076c835b3cbd"
  integrity sha512-olNPFCKHA2HSjpww8ZyXRERvMoCHzWhhPttadF66d1bhfFLtAS/BuzkvZ6PbxURttFIFcJNTwT1IfsyAR62ynQ==

typescript@^4.5.5:
  version "4.5.5"
  resolved "https://registry.yarnpkg.com/typescript/-/typescript-4.5.5.tgz#d8c953832d28924a9e3d37c73d729c846c5896f3"
  integrity sha512-TCTIul70LyWe6IJWT8QSYeA54WQe8EjQFU4wY52Fasj5UKx88LNYKCgBEHcOMOrFF1rKGbD8v/xcNWVUq9SymA==
